
Microsoft Visual Studio Solution File, Format Version 12.00
# Visual Studio Version 16
VisualStudioVersion = 16.0.29519.87
MinimumVisualStudioVersion = 10.0.40219.1
Project("{FAE04EC0-301F-11D3-BF4B-00C04F79EFBC}") = "CourseLibrary.API", "CourseLibrary.API\CourseLibrary.API.csproj", "{DE379928-9FB5-4456-A72F-10BE3333C04F}"
EndProject
Global
	GlobalSection(SolutionConfigurationPlatforms) = preSolution
		Debug|Any CPU = Debug|Any CPU
		Release|Any CPU = Release|Any CPU
	EndGlobalSection
	GlobalSection(ProjectConfigurationPlatforms) = postSolution
		{DE379928-9FB5-4456-A72F-10BE3333C04F}.Debug|Any CPU.ActiveCfg = Debug|Any CPU
		{DE379928-9FB5-4456-A72F-10BE3333C04F}.Debug|Any CPU.Build.0 = Debug|Any CPU
		{DE379928-9FB5-4456-A72F-10BE3333C04F}.Release|Any CPU.ActiveCfg = Release|Any CPU
		{DE379928-9FB5-4456-A72F-10BE3333C04F}.Release|Any CPU.Build.0 = Release|Any CPU
	EndGlobalSection
	GlobalSection(SolutionProperties) = preSolution
		HideSolutionNode = FALSE
	EndGlobalSection
	GlobalSection(ExtensibilityGlobals) = postSolution
		SolutionGuid = {910CA582-66CF-4056-BD17-94CD0D7675A5}
	EndGlobalSection
EndGlobal
